
Microsoft Visual Studio Solution File, Format Version 12.00
# Visual Studio Version 17
VisualStudioVersion = 17.5.33516.290
MinimumVisualStudioVersion = 10.0.40219.1
Project("{FAE04EC0-301F-11D3-BF4B-00C04F79EFBC}") = "kmana", "kmana\kmana.csproj", "{2E767D3B-2A58-4BBA-821D-8F1C25EBCA8D}"
EndProject
Global
	GlobalSection(SolutionConfigurationPlatforms) = preSolution
		Debug|Any CPU = Debug|Any CPU
		Release|Any CPU = Release|Any CPU
	EndGlobalSection
	GlobalSection(ProjectConfigurationPlatforms) = postSolution
		{2E767D3B-2A58-4BBA-821D-8F1C25EBCA8D}.Debug|Any CPU.ActiveCfg = Debug|Any CPU
		{2E767D3B-2A58-4BBA-821D-8F1C25EBCA8D}.Debug|Any CPU.Build.0 = Debug|Any CPU
		{2E767D3B-2A58-4BBA-821D-8F1C25EBCA8D}.Release|Any CPU.ActiveCfg = Release|Any CPU
		{2E767D3B-2A58-4BBA-821D-8F1C25EBCA8D}.Release|Any CPU.Build.0 = Release|Any CPU
	EndGlobalSection
	GlobalSection(SolutionProperties) = preSolution
		HideSolutionNode = FALSE
	EndGlobalSection
	GlobalSection(ExtensibilityGlobals) = postSolution
		SolutionGuid = {35965F3E-718A-406A-BB3F-D724C405151A}
	EndGlobalSection
EndGlobal
